
Microsoft Visual Studio Solution File, Format Version 12.00
# Visual Studio Version 16
VisualStudioVersion = 16.0.30804.86
MinimumVisualStudioVersion = 10.0.40219.1
Project("{FAE04EC0-301F-11D3-BF4B-00C04F79EFBC}") = "CodeWithShadmanAsyncAwait", "CodeWithShadmanAsyncAwait\CodeWithShadmanAsyncAwait.csproj", "{20F7A1B6-7590-46A3-8DD9-7767D6AC323C}"
EndProject
Global
	GlobalSection(SolutionConfigurationPlatforms) = preSolution
		Debug|Any CPU = Debug|Any CPU
		Release|Any CPU = Release|Any CPU
	EndGlobalSection
	GlobalSection(ProjectConfigurationPlatforms) = postSolution
		{20F7A1B6-7590-46A3-8DD9-7767D6AC323C}.Debug|Any CPU.ActiveCfg = Debug|Any CPU
		{20F7A1B6-7590-46A3-8DD9-7767D6AC323C}.Debug|Any CPU.Build.0 = Debug|Any CPU
		{20F7A1B6-7590-46A3-8DD9-7767D6AC323C}.Release|Any CPU.ActiveCfg = Release|Any CPU
		{20F7A1B6-7590-46A3-8DD9-7767D6AC323C}.Release|Any CPU.Build.0 = Release|Any CPU
	EndGlobalSection
	GlobalSection(SolutionProperties) = preSolution
		HideSolutionNode = FALSE
	EndGlobalSection
	GlobalSection(ExtensibilityGlobals) = postSolution
		SolutionGuid = {4D115D25-ABC4-4C2E-9011-A6079BC42095}
	EndGlobalSection
EndGlobal
